
Microsoft Visual Studio Solution File, Format Version 12.00
# Visual Studio 15
VisualStudioVersion = 15.0.28010.2050
MinimumVisualStudioVersion = 10.0.40219.1
Project("{FAE04EC0-301F-11D3-BF4B-00C04F79EFBC}") = "MobileClient.iOS", "MobileClient\MobileClient.iOS\MobileClient.iOS.csproj", "{44C8B4E4-BD28-48D3-A1F4-6F9D0752B179}"
EndProject
Project("{9A19103F-16F7-4668-BE54-9A1E7A4F7556}") = "MobileClient", "MobileClient\MobileClient\MobileClient.csproj", "{E5AE16FF-162D-459D-80ED-B0AD438748CF}"
EndProject
Project("{FAE04EC0-301F-11D3-BF4B-00C04F79EFBC}") = "MobileClient.Android", "MobileClient\MobileClient.Android\MobileClient.Android.csproj", "{9833810A-43D1-43DF-9FA6-90B200281067}"
EndProject
Project("{FAE04EC0-301F-11D3-BF4B-00C04F79EFBC}") = "Tests", "Tests\Tests.csproj", "{F53A0701-4389-45E5-AC58-6396A5074A6D}"
EndProject
Global
	GlobalSection(SolutionConfigurationPlatforms) = preSolution
		Ad-Hoc|Any CPU = Ad-Hoc|Any CPU
		Ad-Hoc|iPhone = Ad-Hoc|iPhone
		Ad-Hoc|iPhoneSimulator = Ad-Hoc|iPhoneSimulator
		AppStore|Any CPU = AppStore|Any CPU
		AppStore|iPhone = AppStore|iPhone
		AppStore|iPhoneSimulator = AppStore|iPhoneSimulator
		Debug|Any CPU = Debug|Any CPU
		Debug|iPhone = Debug|iPhone
		Debug|iPhoneSimulator = Debug|iPhoneSimulator
		Release|Any CPU = Release|Any CPU
		Release|iPhone = Release|iPhone
		Release|iPhoneSimulator = Release|iPhoneSimulator
	EndGlobalSection
	GlobalSection(ProjectConfigurationPlatforms) = postSolution
		{44C8B4E4-BD28-48D3-A1F4-6F9D0752B179}.Ad-Hoc|Any CPU.ActiveCfg = Ad-Hoc|iPhone
		{44C8B4E4-BD28-48D3-A1F4-6F9D0752B179}.Ad-Hoc|Any CPU.Build.0 = Ad-Hoc|iPhone
		{44C8B4E4-BD28-48D3-A1F4-6F9D0752B179}.Ad-Hoc|Any CPU.Deploy.0 = Ad-Hoc|iPhone
		{44C8B4E4-BD28-48D3-A1F4-6F9D0752B179}.Ad-Hoc|iPhone.ActiveCfg = Ad-Hoc|iPhone
		{44C8B4E4-BD28-48D3-A1F4-6F9D0752B179}.Ad-Hoc|iPhone.Build.0 = Ad-Hoc|iPhone
		{44C8B4E4-BD28-48D3-A1F4-6F9D0752B179}.Ad-Hoc|iPhone.Deploy.0 = Ad-Hoc|iPhone
		{44C8B4E4-BD28-48D3-A1F4-6F9D0752B179}.Ad-Hoc|iPhoneSimulator.ActiveCfg = Ad-Hoc|iPhoneSimulator
		{44C8B4E4-BD28-48D3-A1F4-6F9D0752B179}.Ad-Hoc|iPhoneSimulator.Build.0 = Ad-Hoc|iPhoneSimulator
		{44C8B4E4-BD28-48D3-A1F4-6F9D0752B179}.Ad-Hoc|iPhoneSimulator.Deploy.0 = Ad-Hoc|iPhoneSimulator
		{44C8B4E4-BD28-48D3-A1F4-6F9D0752B179}.AppStore|Any CPU.ActiveCfg = AppStore|iPhone
		{44C8B4E4-BD28-48D3-A1F4-6F9D0752B179}.AppStore|Any CPU.Build.0 = AppStore|iPhone
		{44C8B4E4-BD28-48D3-A1F4-6F9D0752B179}.AppStore|Any CPU.Deploy.0 = AppStore|iPhone
		{44C8B4E4-BD28-48D3-A1F4-6F9D0752B179}.AppStore|iPhone.ActiveCfg = AppStore|iPhone
		{44C8B4E4-BD28-48D3-A1F4-6F9D0752B179}.AppStore|iPhone.Build.0 = AppStore|iPhone
		{44C8B4E4-BD28-48D3-A1F4-6F9D0752B179}.AppStore|iPhone.Deploy.0 = AppStore|iPhone
		{44C8B4E4-BD28-48D3-A1F4-6F9D0752B179}.AppStore|iPhoneSimulator.ActiveCfg = AppStore|iPhoneSimulator
		{44C8B4E4-BD28-48D3-A1F4-6F9D0752B179}.AppStore|iPhoneSimulator.Build.0 = AppStore|iPhoneSimulator
		{44C8B4E4-BD28-48D3-A1F4-6F9D0752B179}.AppStore|iPhoneSimulator.Deploy.0 = AppStore|iPhoneSimulator
		{44C8B4E4-BD28-48D3-A1F4-6F9D0752B179}.Debug|Any CPU.ActiveCfg = Debug|iPhoneSimulator
		{44C8B4E4-BD28-48D3-A1F4-6F9D0752B179}.Debug|Any CPU.Build.0 = Debug|iPhoneSimulator
		{44C8B4E4-BD28-48D3-A1F4-6F9D0752B179}.Debug|Any CPU.Deploy.0 = Debug|iPhoneSimulator
		{44C8B4E4-BD28-48D3-A1F4-6F9D0752B179}.Debug|iPhone.ActiveCfg = Debug|iPhone
		{44C8B4E4-BD28-48D3-A1F4-6F9D0752B179}.Debug|iPhone.Build.0 = Debug|iPhone
		{44C8B4E4-BD28-48D3-A1F4-6F9D0752B179}.Debug|iPhone.Deploy.0 = Debug|iPhone
		{44C8B4E4-BD28-48D3-A1F4-6F9D0752B179}.Debug|iPhoneSimulator.ActiveCfg = Debug|iPhoneSimulator
		{44C8B4E4-BD28-48D3-A1F4-6F9D0752B179}.Debug|iPhoneSimulator.Build.0 = Debug|iPhoneSimulator
		{44C8B4E4-BD28-48D3-A1F4-6F9D0752B179}.Debug|iPhoneSimulator.Deploy.0 = Debug|iPhoneSimulator
		{44C8B4E4-BD28-48D3-A1F4-6F9D0752B179}.Release|Any CPU.ActiveCfg = Release|iPhone
		{44C8B4E4-BD28-48D3-A1F4-6F9D0752B179}.Release|Any CPU.Build.0 = Release|iPhone
		{44C8B4E4-BD28-48D3-A1F4-6F9D0752B179}.Release|Any CPU.Deploy.0 = Release|iPhone
		{44C8B4E4-BD28-48D3-A1F4-6F9D0752B179}.Release|iPhone.ActiveCfg = Release|iPhone
		{44C8B4E4-BD28-48D3-A1F4-6F9D0752B179}.Release|iPhone.Build.0 = Release|iPhone
		{44C8B4E4-BD28-48D3-A1F4-6F9D0752B179}.Release|iPhone.Deploy.0 = Release|iPhone
		{44C8B4E4-BD28-48D3-A1F4-6F9D0752B179}.Release|iPhoneSimulator.ActiveCfg = Release|iPhoneSimulator
		{44C8B4E4-BD28-48D3-A1F4-6F9D0752B179}.Release|iPhoneSimulator.Build.0 = Release|iPhoneSimulator
		{44C8B4E4-BD28-48D3-A1F4-6F9D0752B179}.Release|iPhoneSimulator.Deploy.0 = Release|iPhoneSimulator
		{E5AE16FF-162D-459D-80ED-B0AD438748CF}.Ad-Hoc|Any CPU.ActiveCfg = Debug|Any CPU
		{E5AE16FF-162D-459D-80ED-B0AD438748CF}.Ad-Hoc|Any CPU.Build.0 = Debug|Any CPU
		{E5AE16FF-162D-459D-80ED-B0AD438748CF}.Ad-Hoc|Any CPU.Deploy.0 = Debug|Any CPU
		{E5AE16FF-162D-459D-80ED-B0AD438748CF}.Ad-Hoc|iPhone.ActiveCfg = Debug|Any CPU
		{E5AE16FF-162D-459D-80ED-B0AD438748CF}.Ad-Hoc|iPhone.Build.0 = Debug|Any CPU
		{E5AE16FF-162D-459D-80ED-B0AD438748CF}.Ad-Hoc|iPhone.Deploy.0 = Debug|Any CPU
		{E5AE16FF-162D-459D-80ED-B0AD438748CF}.Ad-Hoc|iPhoneSimulator.ActiveCfg = Debug|Any CPU
		{E5AE16FF-162D-459D-80ED-B0AD438748CF}.Ad-Hoc|iPhoneSimulator.Build.0 = Debug|Any CPU
		{E5AE16FF-162D-459D-80ED-B0AD438748CF}.Ad-Hoc|iPhoneSimulator.Deploy.0 = Debug|Any CPU
		{E5AE16FF-162D-459D-80ED-B0AD438748CF}.AppStore|Any CPU.ActiveCfg = Debug|Any CPU
		{E5AE16FF-162D-459D-80ED-B0AD438748CF}.AppStore|Any CPU.Build.0 = Debug|Any CPU
		{E5AE16FF-162D-459D-80ED-B0AD438748CF}.AppStore|Any CPU.Deploy.0 = Debug|Any CPU
		{E5AE16FF-162D-459D-80ED-B0AD438748CF}.AppStore|iPhone.ActiveCfg = Debug|Any CPU
		{E5AE16FF-162D-459D-80ED-B0AD438748CF}.AppStore|iPhone.Build.0 = Debug|Any CPU
		{E5AE16FF-162D-459D-80ED-B0AD438748CF}.AppStore|iPhone.Deploy.0 = Debug|Any CPU
		{E5AE16FF-162D-459D-80ED-B0AD438748CF}.AppStore|iPhoneSimulator.ActiveCfg = Debug|Any CPU
		{E5AE16FF-162D-459D-80ED-B0AD438748CF}.AppStore|iPhoneSimulator.Build.0 = Debug|Any CPU
		{E5AE16FF-162D-459D-80ED-B0AD438748CF}.AppStore|iPhoneSimulator.Deploy.0 = Debug|Any CPU
		{E5AE16FF-162D-459D-80ED-B0AD438748CF}.Debug|Any CPU.ActiveCfg = Debug|Any CPU
		{E5AE16FF-162D-459D-80ED-B0AD438748CF}.Debug|Any CPU.Build.0 = Debug|Any CPU
		{E5AE16FF-162D-459D-80ED-B0AD438748CF}.Debug|Any CPU.Deploy.0 = Debug|Any CPU
		{E5AE16FF-162D-459D-80ED-B0AD438748CF}.Debug|iPhone.ActiveCfg = Debug|Any CPU
		{E5AE16FF-162D-459D-80ED-B0AD438748CF}.Debug|iPhone.Build.0 = Debug|Any CPU
		{E5AE16FF-162D-459D-80ED-B0AD438748CF}.Debug|iPhone.Deploy.0 = Debug|Any CPU
		{E5AE16FF-162D-459D-80ED-B0AD438748CF}.Debug|iPhoneSimulator.ActiveCfg = Debug|Any CPU
		{E5AE16FF-162D-459D-80ED-B0AD438748CF}.Debug|iPhoneSimulator.Build.0 = Debug|Any CPU
		{E5AE16FF-162D-459D-80ED-B0AD438748CF}.Debug|iPhoneSimulator.Deploy.0 = Debug|Any CPU
		{E5AE16FF-162D-459D-80ED-B0AD438748CF}.Release|Any CPU.ActiveCfg = Release|Any CPU
		{E5AE16FF-162D-459D-80ED-B0AD438748CF}.Release|Any CPU.Build.0 = Release|Any CPU
		{E5AE16FF-162D-459D-80ED-B0AD438748CF}.Release|Any CPU.Deploy.0 = Release|Any CPU
		{E5AE16FF-162D-459D-80ED-B0AD438748CF}.Release|iPhone.ActiveCfg = Release|Any CPU
		{E5AE16FF-162D-459D-80ED-B0AD438748CF}.Release|iPhone.Build.0 = Release|Any CPU
		{E5AE16FF-162D-459D-80ED-B0AD438748CF}.Release|iPhone.Deploy.0 = Release|Any CPU
		{E5AE16FF-162D-459D-80ED-B0AD438748CF}.Release|iPhoneSimulator.ActiveCfg = Release|Any CPU
		{E5AE16FF-162D-459D-80ED-B0AD438748CF}.Release|iPhoneSimulator.Build.0 = Release|Any CPU
		{E5AE16FF-162D-459D-80ED-B0AD438748CF}.Release|iPhoneSimulator.Deploy.0 = Release|Any CPU
		{9833810A-43D1-43DF-9FA6-90B200281067}.Ad-Hoc|Any CPU.ActiveCfg = Release|Any CPU
		{9833810A-43D1-43DF-9FA6-90B200281067}.Ad-Hoc|Any CPU.Build.0 = Release|Any CPU
		{9833810A-43D1-43DF-9FA6-90B200281067}.Ad-Hoc|Any CPU.Deploy.0 = Release|Any CPU
		{9833810A-43D1-43DF-9FA6-90B200281067}.Ad-Hoc|iPhone.ActiveCfg = Release|Any CPU
		{9833810A-43D1-43DF-9FA6-90B200281067}.Ad-Hoc|iPhone.Build.0 = Release|Any CPU
		{9833810A-43D1-43DF-9FA6-90B200281067}.Ad-Hoc|iPhone.Deploy.0 = Release|Any CPU
		{9833810A-43D1-43DF-9FA6-90B200281067}.Ad-Hoc|iPhoneSimulator.ActiveCfg = Release|Any CPU
		{9833810A-43D1-43DF-9FA6-90B200281067}.Ad-Hoc|iPhoneSimulator.Build.0 = Release|Any CPU
		{9833810A-43D1-43DF-9FA6-90B200281067}.Ad-Hoc|iPhoneSimulator.Deploy.0 = Release|Any CPU
		{9833810A-43D1-43DF-9FA6-90B200281067}.AppStore|Any CPU.ActiveCfg = Release|Any CPU
		{9833810A-43D1-43DF-9FA6-90B200281067}.AppStore|Any CPU.Build.0 = Release|Any CPU
		{9833810A-43D1-43DF-9FA6-90B200281067}.AppStore|Any CPU.Deploy.0 = Release|Any CPU
		{9833810A-43D1-43DF-9FA6-90B200281067}.AppStore|iPhone.ActiveCfg = Release|Any CPU
		{9833810A-43D1-43DF-9FA6-90B200281067}.AppStore|iPhone.Build.0 = Release|Any CPU
		{9833810A-43D1-43DF-9FA6-90B200281067}.AppStore|iPhone.Deploy.0 = Release|Any CPU
		{9833810A-43D1-43DF-9FA6-90B200281067}.AppStore|iPhoneSimulator.ActiveCfg = Release|Any CPU
		{9833810A-43D1-43DF-9FA6-90B200281067}.AppStore|iPhoneSimulator.Build.0 = Release|Any CPU
		{9833810A-43D1-43DF-9FA6-90B200281067}.AppStore|iPhoneSimulator.Deploy.0 = Release|Any CPU
		{9833810A-43D1-43DF-9FA6-90B200281067}.Debug|Any CPU.ActiveCfg = Debug|Any CPU
		{9833810A-43D1-43DF-9FA6-90B200281067}.Debug|Any CPU.Build.0 = Debug|Any CPU
		{9833810A-43D1-43DF-9FA6-90B200281067}.Debug|Any CPU.Deploy.0 = Debug|Any CPU
		{9833810A-43D1-43DF-9FA6-90B200281067}.Debug|iPhone.ActiveCfg = Debug|Any CPU
		{9833810A-43D1-43DF-9FA6-90B200281067}.Debug|iPhone.Build.0 = Debug|Any CPU
		{9833810A-43D1-43DF-9FA6-90B200281067}.Debug|iPhone.Deploy.0 = Debug|Any CPU
		{9833810A-43D1-43DF-9FA6-90B200281067}.Debug|iPhoneSimulator.ActiveCfg = Debug|Any CPU
		{9833810A-43D1-43DF-9FA6-90B200281067}.Debug|iPhoneSimulator.Build.0 = Debug|Any CPU
		{9833810A-43D1-43DF-9FA6-90B200281067}.Debug|iPhoneSimulator.Deploy.0 = Debug|Any CPU
		{9833810A-43D1-43DF-9FA6-90B200281067}.Release|Any CPU.ActiveCfg = Release|Any CPU
		{9833810A-43D1-43DF-9FA6-90B200281067}.Release|Any CPU.Build.0 = Release|Any CPU
		{9833810A-43D1-43DF-9FA6-90B200281067}.Release|Any CPU.Deploy.0 = Release|Any CPU
		{9833810A-43D1-43DF-9FA6-90B200281067}.Release|iPhone.ActiveCfg = Release|Any CPU
		{9833810A-43D1-43DF-9FA6-90B200281067}.Release|iPhone.Build.0 = Release|Any CPU
		{9833810A-43D1-43DF-9FA6-90B200281067}.Release|iPhone.Deploy.0 = Release|Any CPU
		{9833810A-43D1-43DF-9FA6-90B200281067}.Release|iPhoneSimulator.ActiveCfg = Release|Any CPU
		{9833810A-43D1-43DF-9FA6-90B200281067}.Release|iPhoneSimulator.Build.0 = Release|Any CPU
		{9833810A-43D1-43DF-9FA6-90B200281067}.Release|iPhoneSimulator.Deploy.0 = Release|Any CPU
		{F53A0701-4389-45E5-AC58-6396A5074A6D}.Ad-Hoc|Any CPU.ActiveCfg = Debug|Any CPU
		{F53A0701-4389-45E5-AC58-6396A5074A6D}.Ad-Hoc|Any CPU.Build.0 = Debug|Any CPU
		{F53A0701-4389-45E5-AC58-6396A5074A6D}.Ad-Hoc|iPhone.ActiveCfg = Debug|Any CPU
		{F53A0701-4389-45E5-AC58-6396A5074A6D}.Ad-Hoc|iPhone.Build.0 = Debug|Any CPU
		{F53A0701-4389-45E5-AC58-6396A5074A6D}.Ad-Hoc|iPhoneSimulator.ActiveCfg = Debug|Any CPU
		{F53A0701-4389-45E5-AC58-6396A5074A6D}.Ad-Hoc|iPhoneSimulator.Build.0 = Debug|Any CPU
		{F53A0701-4389-45E5-AC58-6396A5074A6D}.AppStore|Any CPU.ActiveCfg = Debug|Any CPU
		{F53A0701-4389-45E5-AC58-6396A5074A6D}.AppStore|Any CPU.Build.0 = Debug|Any CPU
		{F53A0701-4389-45E5-AC58-6396A5074A6D}.AppStore|iPhone.ActiveCfg = Debug|Any CPU
		{F53A0701-4389-45E5-AC58-6396A5074A6D}.AppStore|iPhone.Build.0 = Debug|Any CPU
		{F53A0701-4389-45E5-AC58-6396A5074A6D}.AppStore|iPhoneSimulator.ActiveCfg = Debug|Any CPU
		{F53A0701-4389-45E5-AC58-6396A5074A6D}.AppStore|iPhoneSimulator.Build.0 = Debug|Any CPU
		{F53A0701-4389-45E5-AC58-6396A5074A6D}.Debug|Any CPU.ActiveCfg = Debug|Any CPU
		{F53A0701-4389-45E5-AC58-6396A5074A6D}.Debug|Any CPU.Build.0 = Debug|Any CPU
		{F53A0701-4389-45E5-AC58-6396A5074A6D}.Debug|iPhone.ActiveCfg = Debug|Any CPU
		{F53A0701-4389-45E5-AC58-6396A5074A6D}.Debug|iPhone.Build.0 = Debug|Any CPU
		{F53A0701-4389-45E5-AC58-6396A5074A6D}.Debug|iPhoneSimulator.ActiveCfg = Debug|Any CPU
		{F53A0701-4389-45E5-AC58-6396A5074A6D}.Debug|iPhoneSimulator.Build.0 = Debug|Any CPU
		{F53A0701-4389-45E5-AC58-6396A5074A6D}.Release|Any CPU.ActiveCfg = Release|Any CPU
		{F53A0701-4389-45E5-AC58-6396A5074A6D}.Release|Any CPU.Build.0 = Release|Any CPU
		{F53A0701-4389-45E5-AC58-6396A5074A6D}.Release|iPhone.ActiveCfg = Release|Any CPU
		{F53A0701-4389-45E5-AC58-6396A5074A6D}.Release|iPhone.Build.0 = Release|Any CPU
		{F53A0701-4389-45E5-AC58-6396A5074A6D}.Release|iPhoneSimulator.ActiveCfg = Release|Any CPU
		{F53A0701-4389-45E5-AC58-6396A5074A6D}.Release|iPhoneSimulator.Build.0 = Release|Any CPU
	EndGlobalSection
	GlobalSection(SolutionProperties) = preSolution
		HideSolutionNode = FALSE
	EndGlobalSection
	GlobalSection(ExtensibilityGlobals) = postSolution
		SolutionGuid = {FF7771A5-FE84-44BD-919D-D19D095C988C}
	EndGlobalSection
EndGlobal
